{
  "name": "multi-review",
  "version": "1.0.0",
  "lockfileVersion": 3,
  "requires": true,
  "packages": {
    "": {
      "name": "multi-review",
      "version": "1.0.0",
      "dependencies": {
        "@agent-relay/sdk-ts": "file:../../packages/sdk-ts"
      }
    },
    "../../packages/sdk-ts": {
      "name": "@agent-relay/sdk-ts",
      "version": "0.1.0",
      "dependencies": {
        "@relaycast/sdk": "^0.2.1"
      },
      "devDependencies": {
        "@types/node": "^22.13.10",
        "typescript": "^5.7.3"
      }
    },
    "node_modules/@agent-relay/sdk-ts": {
      "resolved": "../../packages/sdk-ts",
      "link": true
    }
  }
}
