{
  "version": "1.0.0",
  "lockfileVersion": 1,
  "packages": {
    "@prpm/creating-claude-hooks-skill#claude": {
      "version": "1.0.0",
      "resolved": "https://registry.prpm.dev/api/v1/packages/%40prpm%2Fcreating-claude-hooks-skill/1.0.0.tar.gz",
      "integrity": "sha256-2d10ad7a10204009d73b34172a9f54e5ad0858c76581a9f9579ee0e194f94505",
      "format": "claude",
      "subtype": "skill",
      "sourceFormat": "claude",
      "sourceSubtype": "skill",
      "installedPath": ".claude/skills/creating-claude-hooks-skill/SKILL.md"
    },
    "@prpm/creating-skills-skill#claude": {
      "version": "1.0.4",
      "resolved": "https://registry.prpm.dev/api/v1/packages/%40prpm%2Fcreating-skills-skill/1.0.4.tar.gz",
      "integrity": "sha256-845d12bda6e5b37ed3177e2a867f57319327704b2206d58643d8e06cecb64241",
      "format": "claude",
      "subtype": "skill",
      "sourceFormat": "claude",
      "sourceSubtype": "skill",
      "installedPath": ".claude/skills/creating-skills-skill/SKILL.md"
    },
    "@prpm/prpm-json-best-practices-skill#claude": {
      "version": "1.2.0",
      "resolved": "https://registry.prpm.dev/api/v1/packages/%40prpm%2Fprpm-json-best-practices-skill/1.2.0.tar.gz",
      "integrity": "sha256-13f5c9204ef0db4cd37ef2339fa9cc5743de993c73244230760e73612476d826",
      "format": "claude",
      "subtype": "skill",
      "sourceFormat": "claude",
      "sourceSubtype": "skill",
      "installedPath": ".claude/skills/prpm-json-best-practices-skill"
    },
    "@prpm/creating-claude-rules-skill#claude": {
      "version": "1.0.0",
      "resolved": "https://registry.prpm.dev/api/v1/packages/%40prpm%2Fcreating-claude-rules-skill/1.0.0.tar.gz",
      "integrity": "sha256-5d348d29c6e9abe5b1f0328a3868094b47dddc60192fc6b8f0a364797ce62878",
      "format": "claude",
      "subtype": "skill",
      "sourceFormat": "claude",
      "sourceSubtype": "skill",
      "installedPath": ".claude/skills/creating-claude-rules-skill/SKILL.md"
    },
    "@prpm/creating-claude-agents-skill#claude": {
      "version": "1.0.0",
      "resolved": "https://registry.prpm.dev/api/v1/packages/%40prpm%2Fcreating-claude-agents-skill/1.0.0.tar.gz",
      "integrity": "sha256-d1aca9da6acab91815edf1012c94936e151b9aad77adf8ab0e7fedad8b6b8fef",
      "format": "claude",
      "subtype": "skill",
      "sourceFormat": "claude",
      "sourceSubtype": "skill",
      "installedPath": ".claude/skills/creating-claude-agents-skill/SKILL.md"
    },
    "@my-senior-dev/implementing-command-palettes#claude": {
      "version": "1.0.0",
      "resolved": "https://registry.prpm.dev/api/v1/packages/%40my-senior-dev%2Fimplementing-command-palettes/1.0.0.tar.gz",
      "integrity": "sha256-3f3a75beab22156810ca7a1d57311c71c79e5b5368f02032b43e84912c0e9d85",
      "format": "claude",
      "subtype": "skill",
      "sourceFormat": "claude",
      "sourceSubtype": "skill",
      "installedPath": ".claude/skills/implementing-command-palettes/SKILL.md"
    },
    "@agent-workforce/trail-snippet#agents.md": {
      "version": "1.0.0",
      "resolved": "https://registry.prpm.dev/api/v1/packages/%40agent-workforce%2Ftrail-snippet/1.0.0.tar.gz",
      "integrity": "sha256-3b39b2befbd2a832296efe84f23c6a22eb047486974f5cb780a93b461e27720e",
      "format": "agents.md",
      "subtype": "snippet",
      "sourceFormat": "generic",
      "sourceSubtype": "snippet",
      "installedPath": "AGENTS.md",
      "snippetMetadata": {
        "targetPath": "AGENTS.md",
        "config": {
          "target": "AGENTS.md",
          "position": "append"
        }
      }
    },
    "@my-senior-dev/github-oauth-nango-integration#claude": {
      "version": "1.0.0",
      "resolved": "https://registry.prpm.dev/api/v1/packages/%40my-senior-dev%2Fgithub-oauth-nango-integration/1.0.0.tar.gz",
      "integrity": "sha256-71a1a37a07f18a475f6aa21b68a0ca785ebb3b86547ac9140ddf4e6cdda57b2f",
      "format": "claude",
      "subtype": "skill",
      "sourceFormat": "claude",
      "sourceSubtype": "skill",
      "installedPath": ".claude/skills/github-oauth-nango-integration/SKILL.md"
    },
    "@my-senior-dev/browser-testing-with-screenshots#claude": {
      "version": "1.0.0",
      "resolved": "https://registry.prpm.dev/api/v1/packages/%40my-senior-dev%2Fbrowser-testing-with-screenshots/1.0.0.tar.gz",
      "integrity": "sha256-d0443e43bc37284cbe81003649536ffa961bc672cb38c83696d6786c75d5a334",
      "format": "claude",
      "subtype": "skill",
      "sourceFormat": "claude",
      "sourceSubtype": "skill",
      "installedPath": ".claude/skills/browser-testing-with-screenshots/SKILL.md"
    },
    "@agent-workforce/trail-snippet#agents.md:AGENTS.md": {
      "version": "1.1.2",
      "resolved": "https://registry.prpm.dev/api/v1/packages/%40agent-workforce%2Ftrail-snippet/1.1.2.tar.gz",
      "integrity": "sha256-36f0490e6afffb8e6793f06119d4dd2058d7b0e23d65ead2adce9a8010da0bf0",
      "format": "agents.md",
      "subtype": "snippet",
      "sourceFormat": "generic",
      "sourceSubtype": "snippet",
      "installedPath": "AGENTS.md",
      "snippetMetadata": {
        "targetPath": "AGENTS.md",
        "config": {
          "target": "AGENTS.md",
          "position": "append"
        }
      }
    },
    "@prpm/creating-agent-skills-skill#codex": {
      "version": "1.0.0",
      "resolved": "https://registry.prpm.dev/api/v1/packages/%40prpm%2Fcreating-agent-skills-skill/1.0.0.tar.gz",
      "integrity": "sha256-0d80deb1fe8860d7da2b3eb9bcab8db3cf7437c1306ff61dacc92eb4987337d5",
      "format": "codex",
      "subtype": "skill",
      "sourceFormat": "claude",
      "sourceSubtype": "skill",
      "installedPath": ".agents/skills/creating-agent-skills-skill/SKILL.md"
    },
    "@agent-relay/choosing-swarm-patterns#claude": {
      "version": "1.1.4",
      "resolved": "https://registry.prpm.dev/api/v1/packages/%40agent-relay%2Fchoosing-swarm-patterns/1.1.4.tar.gz",
      "integrity": "sha256-b6399ad34406dbdd868a3330528256ed2454417b01c2f88cb422f98be0357d0f",
      "format": "claude",
      "subtype": "skill",
      "sourceFormat": "claude",
      "sourceSubtype": "skill",
      "installedPath": ".claude/skills/choosing-swarm-patterns/SKILL.md"
    },
    "@agent-relay/using-agent-relay#claude": {
      "version": "1.3.2",
      "resolved": "https://registry.prpm.dev/api/v1/packages/%40agent-relay%2Fusing-agent-relay/1.3.2.tar.gz",
      "integrity": "sha256-02ddb110c00a4ca1f6f4b7d401508937506a09bda566f46e327845fb81863866",
      "format": "claude",
      "subtype": "skill",
      "sourceFormat": "claude",
      "sourceSubtype": "skill",
      "installedPath": ".claude/skills/using-agent-relay/SKILL.md"
    },
    "@agent-relay/choosing-swarm-patterns#codex": {
      "version": "1.1.4",
      "resolved": "https://registry.prpm.dev/api/v1/packages/%40agent-relay%2Fchoosing-swarm-patterns/1.1.4.tar.gz",
      "integrity": "sha256-b6399ad34406dbdd868a3330528256ed2454417b01c2f88cb422f98be0357d0f",
      "format": "codex",
      "subtype": "skill",
      "sourceFormat": "claude",
      "sourceSubtype": "skill",
      "installedPath": ".agents/skills/choosing-swarm-patterns/SKILL.md"
    },
    "@agent-relay/using-agent-relay#codex": {
      "version": "1.3.2",
      "resolved": "https://registry.prpm.dev/api/v1/packages/%40agent-relay%2Fusing-agent-relay/1.3.2.tar.gz",
      "integrity": "sha256-02ddb110c00a4ca1f6f4b7d401508937506a09bda566f46e327845fb81863866",
      "format": "codex",
      "subtype": "skill",
      "sourceFormat": "claude",
      "sourceSubtype": "skill",
      "installedPath": ".agents/skills/using-agent-relay/SKILL.md"
    },
    "@agent-relay/relay-80-100-workflow#claude": {
      "version": "1.0.8",
      "resolved": "https://registry.prpm.dev/api/v1/packages/%40agent-relay%2Frelay-80-100-workflow/1.0.8.tar.gz",
      "integrity": "sha256-46a1bd749ccab61fbc0947142a8c7b2673d2a96faeb8b7eca3f50f22461d53a5",
      "format": "claude",
      "subtype": "skill",
      "sourceFormat": "claude",
      "sourceSubtype": "skill",
      "installedPath": ".claude/skills/relay-80-100-workflow/SKILL.md"
    },
    "@agent-relay/relay-80-100-workflow#codex": {
      "version": "1.0.8",
      "resolved": "https://registry.prpm.dev/api/v1/packages/%40agent-relay%2Frelay-80-100-workflow/1.0.8.tar.gz",
      "integrity": "sha256-46a1bd749ccab61fbc0947142a8c7b2673d2a96faeb8b7eca3f50f22461d53a5",
      "format": "codex",
      "subtype": "skill",
      "sourceFormat": "claude",
      "sourceSubtype": "skill",
      "installedPath": ".agents/skills/relay-80-100-workflow/SKILL.md"
    },
    "@agent-relay/setting-up-relayfile#claude": {
      "version": "1.1.1",
      "resolved": "https://registry.prpm.dev/api/v1/packages/%40agent-relay%2Fsetting-up-relayfile/1.1.1.tar.gz",
      "integrity": "sha256-4f416ae89f85101f316e39fd875dd94b9f8e3841eb32eb70d14f21b2494829d0",
      "format": "claude",
      "subtype": "skill",
      "sourceFormat": "claude",
      "sourceSubtype": "skill",
      "installedPath": ".claude/skills/setting-up-relayfile/SKILL.md"
    },
    "@agent-relay/setting-up-relayfile#codex": {
      "version": "1.1.1",
      "resolved": "https://registry.prpm.dev/api/v1/packages/%40agent-relay%2Fsetting-up-relayfile/1.1.1.tar.gz",
      "integrity": "sha256-4f416ae89f85101f316e39fd875dd94b9f8e3841eb32eb70d14f21b2494829d0",
      "format": "codex",
      "subtype": "skill",
      "sourceFormat": "claude",
      "sourceSubtype": "skill",
      "installedPath": ".agents/skills/setting-up-relayfile/SKILL.md"
    },
    "@agent-relay/orchestrating-agent-relay#claude": {
      "version": "2.3.1",
      "resolved": "https://registry.prpm.dev/api/v1/packages/%40agent-relay%2Forchestrating-agent-relay/2.3.1.tar.gz",
      "integrity": "sha256-e305fb65a6690da2df2f188a0041ceb08603a50e129ffb208102d40bb8700471",
      "format": "claude",
      "subtype": "skill",
      "sourceFormat": "claude",
      "sourceSubtype": "skill",
      "installedPath": ".claude/skills/orchestrating-agent-relay/SKILL.md"
    },
    "@agent-relay/orchestrating-agent-relay#codex": {
      "version": "2.3.1",
      "resolved": "https://registry.prpm.dev/api/v1/packages/%40agent-relay%2Forchestrating-agent-relay/2.3.1.tar.gz",
      "integrity": "sha256-e305fb65a6690da2df2f188a0041ceb08603a50e129ffb208102d40bb8700471",
      "format": "codex",
      "subtype": "skill",
      "sourceFormat": "claude",
      "sourceSubtype": "skill",
      "installedPath": ".agents/skills/orchestrating-agent-relay/SKILL.md"
    },
    "@agent-relay/review-fix-signoff-loop#claude": {
      "version": "1.0.2",
      "resolved": "https://registry.prpm.dev/api/v1/packages/%40agent-relay%2Freview-fix-signoff-loop/1.0.2.tar.gz",
      "integrity": "sha256-dd62d56f52a5de91bc2758865cf9966ec102dff672cfa5219a8db432e723f09f",
      "format": "claude",
      "subtype": "skill",
      "sourceFormat": "claude",
      "sourceSubtype": "skill",
      "installedPath": ".claude/skills/review-fix-signoff-loop/SKILL.md"
    },
    "@agent-relay/review-fix-signoff-loop#codex": {
      "version": "1.0.2",
      "resolved": "https://registry.prpm.dev/api/v1/packages/%40agent-relay%2Freview-fix-signoff-loop/1.0.2.tar.gz",
      "integrity": "sha256-dd62d56f52a5de91bc2758865cf9966ec102dff672cfa5219a8db432e723f09f",
      "format": "codex",
      "subtype": "skill",
      "sourceFormat": "claude",
      "sourceSubtype": "skill",
      "installedPath": ".agents/skills/review-fix-signoff-loop/SKILL.md"
    },
    "@agent-relay/writing-relayflows#agents.md": {
      "version": "1.0.0",
      "resolved": "https://registry.prpm.dev/api/v1/packages/%40agent-relay%2Fwriting-relayflows/1.0.0.tar.gz",
      "integrity": "sha256-e9bded24cb4290b3368023005db24cb0d8bab19bb4425106ec531e01fb4a2ce2",
      "format": "agents.md",
      "subtype": "skill",
      "sourceFormat": "claude",
      "sourceSubtype": "skill",
      "installedPath": ".openskills/writing-relayflows/SKILL.md",
      "progressiveDisclosure": {
        "mode": "progressive",
        "resourceDir": ".openskills/writing-relayflows",
        "manifestPath": "AGENTS.md",
        "resourceName": "writing-relayflows",
        "resourceType": "skill",
        "skillsDir": ".openskills/writing-relayflows",
        "skillName": "writing-relayflows",
        "eager": false
      }
    },
    "@agent-relay/writing-relayflows#codex": {
      "version": "1.0.0",
      "resolved": "https://registry.prpm.dev/api/v1/packages/%40agent-relay%2Fwriting-relayflows/1.0.0.tar.gz",
      "integrity": "sha256-e9bded24cb4290b3368023005db24cb0d8bab19bb4425106ec531e01fb4a2ce2",
      "format": "codex",
      "subtype": "skill",
      "sourceFormat": "claude",
      "sourceSubtype": "skill",
      "installedPath": ".agents/skills/writing-relayflows/SKILL.md"
    }
  },
  "generated": "2026-09-18T21:02:01.336Z"
}