{
  "pins" : [
    {
      "identity" : "relaycast",
      "kind" : "remoteSourceControl",
      "location" : "https://github.com/AgentWorkforce/relaycast.git",
      "state" : {
        "revision" : "4d59f19308d01d9ab6db42fc2770179bc4cdbebd",
        "version" : "5.0.0"
      }
    }
  ],
  "version" : 2
}
